{
  "name": "Intelli-Connect Demo",
  "lockfileVersion": 2,
  "requires": true,
  "packages": {
    "": {
      "dependencies": {
        "ngx-bootstrap": "^9.0.0"
      }
    },
    "node_modules/@angular/animations": {
      "version": "14.1.1",
      "resolved": "https://registry.npmjs.org/@angular/animations/-/animations-14.1.1.tgz",
      "integrity": "sha512-/fXzJzr8Pr7/xpwErX9PjbIc790RF818WgW7SUNev6pN6UUq3gvjmPjDTdZBZfiAZWY49nBLibPo2FvmyCP7tg==",
      "peer": true,
      "dependencies": {
        "tslib": "^2.3.0"
      },
      "engines": {
        "node": "^14.15.0 || >=16.10.0"
      },
      "peerDependencies": {
        "@angular/core": "14.1.1"
      }
    },
    "node_modules/@angular/common": {
      "version": "14.1.1",
      "resolved": "https://registry.npmjs.org/@angular/common/-/common-14.1.1.tgz",
      "integrity": "sha512-neFCnrIrGOuj3oOFBTLi4QrdI4fgKQprVLUEyL5LhCQ5R0K/F+gh61ovi7nT4XYnv41p4eqtG81YNMtVXH49pg==",
      "peer": true,
      "dependencies": {
        "tslib": "^2.3.0"
      },
      "engines": {
        "node": "^14.15.0 || >=16.10.0"
      },
      "peerDependencies": {
        "@angular/core": "14.1.1",
        "rxjs": "^6.5.3 || ^7.4.0"
      }
    },
    "node_modules/@angular/core": {
      "version": "14.1.1",
      "resolved": "https://registry.npmjs.org/@angular/core/-/core-14.1.1.tgz",
      "integrity": "sha512-l3ms6/jxIUIeuCkXhz5nhRb94KLQ6wv9+B4lE0aJXcgHTqOmhc/ZIacT51LCjvVcok/vczF3f7w71Ii8b10yKQ==",
      "peer": true,
      "dependencies": {
        "tslib": "^2.3.0"
      },
      "engines": {
        "node": "^14.15.0 || >=16.10.0"
      },
      "peerDependencies": {
        "rxjs": "^6.5.3 || ^7.4.0",
        "zone.js": "~0.11.4"
      }
    },
    "node_modules/@angular/forms": {
      "version": "14.1.1",
      "resolved": "https://registry.npmjs.org/@angular/forms/-/forms-14.1.1.tgz",
      "integrity": "sha512-s4VuaivJ+s2hLlE8CMHLsAAmJNV/03EgBEJQV7rt1H0ogHs0jB/zlkzVw5K5bynCFkfIeDbwd6RvxzWhwE+ong==",
      "peer": true,
      "dependencies": {
        "tslib": "^2.3.0"
      },
      "engines": {
        "node": "^14.15.0 || >=16.10.0"
      },
      "peerDependencies": {
        "@angular/common": "14.1.1",
        "@angular/core": "14.1.1",
        "@angular/platform-browser": "14.1.1",
        "rxjs": "^6.5.3 || ^7.4.0"
      }
    },
    "node_modules/@angular/platform-browser": {
      "version": "14.1.1",
      "resolved": "https://registry.npmjs.org/@angular/platform-browser/-/platform-browser-14.1.1.tgz",
      "integrity": "sha512-7yXr2GUiI1sD3kmKcWkHwlpmsRyA3WhwJqvjvMPQK4RD8ZeJ5LTOD6nQ4hz1kP19dfzpBDV/k9wusYDlmWtqcw==",
      "peer": true,
      "dependencies": {
        "tslib": "^2.3.0"
      },
      "engines": {
        "node": "^14.15.0 || >=16.10.0"
      },
      "peerDependencies": {
        "@angular/animations": "14.1.1",
        "@angular/common": "14.1.1",
        "@angular/core": "14.1.1"
      },
      "peerDependenciesMeta": {
        "@angular/animations": {
          "optional": true
        }
      }
    },
    "node_modules/ngx-bootstrap": {
      "version": "9.0.0",
      "resolved": "https://registry.npmjs.org/ngx-bootstrap/-/ngx-bootstrap-9.0.0.tgz",
      "integrity": "sha512-wVwKs1jIASzJrKSPUhOcHY8f39MKyG31SruJdVQ3S/v/PdBVmVuFUJL86Awc8F60di2xD9C4DzzGObkvsHbirw==",
      "dependencies": {
        "tslib": "^2.3.0"
      },
      "peerDependencies": {
        "@angular/animations": "^14.0.0",
        "@angular/common": "^14.0.0",
        "@angular/core": "^14.0.0",
        "@angular/forms": "^14.0.0",
        "rxjs": "^6.5.3 || ^7.4.0"
      }
    },
    "node_modules/rxjs": {
      "version": "7.5.6",
      "resolved": "https://registry.npmjs.org/rxjs/-/rxjs-7.5.6.tgz",
      "integrity": "sha512-dnyv2/YsXhnm461G+R/Pe5bWP41Nm6LBXEYWI6eiFP4fiwx6WRI/CD0zbdVAudd9xwLEF2IDcKXLHit0FYjUzw==",
      "peer": true,
      "dependencies": {
        "tslib": "^2.1.0"
      }
    },
    "node_modules/tslib": {
      "version": "2.4.0",
      "resolved": "https://registry.npmjs.org/tslib/-/tslib-2.4.0.tgz",
      "integrity": "sha512-d6xOpEDfsi2CZVlPQzGeux8XMwLT9hssAsaPYExaQMuYskwb+x1x7J371tWlbBdWHroy99KnVB6qIkUbs5X3UQ=="
    },
    "node_modules/zone.js": {
      "version": "0.11.7",
      "resolved": "https://registry.npmjs.org/zone.js/-/zone.js-0.11.7.tgz",
      "integrity": "sha512-e39K2EdK5JfA3FDuUTVRvPlYV4aBfnOOcGuILhQAT7nzeV12uSrLBzImUM9CDVoncDSX4brR/gwqu0heQ3BQ0g==",
      "peer": true,
      "dependencies": {
        "tslib": "^2.3.0"
      }
    }
  },
  "dependencies": {
    "@angular/animations": {
      "version": "14.1.1",
      "resolved": "https://registry.npmjs.org/@angular/animations/-/animations-14.1.1.tgz",
      "integrity": "sha512-/fXzJzr8Pr7/xpwErX9PjbIc790RF818WgW7SUNev6pN6UUq3gvjmPjDTdZBZfiAZWY49nBLibPo2FvmyCP7tg==",
      "peer": true,
      "requires": {
        "tslib": "^2.3.0"
      }
    },
    "@angular/common": {
      "version": "14.1.1",
      "resolved": "https://registry.npmjs.org/@angular/common/-/common-14.1.1.tgz",
      "integrity": "sha512-neFCnrIrGOuj3oOFBTLi4QrdI4fgKQprVLUEyL5LhCQ5R0K/F+gh61ovi7nT4XYnv41p4eqtG81YNMtVXH49pg==",
      "peer": true,
      "requires": {
        "tslib": "^2.3.0"
      }
    },
    "@angular/core": {
      "version": "14.1.1",
      "resolved": "https://registry.npmjs.org/@angular/core/-/core-14.1.1.tgz",
      "integrity": "sha512-l3ms6/jxIUIeuCkXhz5nhRb94KLQ6wv9+B4lE0aJXcgHTqOmhc/ZIacT51LCjvVcok/vczF3f7w71Ii8b10yKQ==",
      "peer": true,
      "requires": {
        "tslib": "^2.3.0"
      }
    },
    "@angular/forms": {
      "version": "14.1.1",
      "resolved": "https://registry.npmjs.org/@angular/forms/-/forms-14.1.1.tgz",
      "integrity": "sha512-s4VuaivJ+s2hLlE8CMHLsAAmJNV/03EgBEJQV7rt1H0ogHs0jB/zlkzVw5K5bynCFkfIeDbwd6RvxzWhwE+ong==",
      "peer": true,
      "requires": {
        "tslib": "^2.3.0"
      }
    },
    "@angular/platform-browser": {
      "version": "14.1.1",
      "resolved": "https://registry.npmjs.org/@angular/platform-browser/-/platform-browser-14.1.1.tgz",
      "integrity": "sha512-7yXr2GUiI1sD3kmKcWkHwlpmsRyA3WhwJqvjvMPQK4RD8ZeJ5LTOD6nQ4hz1kP19dfzpBDV/k9wusYDlmWtqcw==",
      "peer": true,
      "requires": {
        "tslib": "^2.3.0"
      }
    },
    "ngx-bootstrap": {
      "version": "9.0.0",
      "resolved": "https://registry.npmjs.org/ngx-bootstrap/-/ngx-bootstrap-9.0.0.tgz",
      "integrity": "sha512-wVwKs1jIASzJrKSPUhOcHY8f39MKyG31SruJdVQ3S/v/PdBVmVuFUJL86Awc8F60di2xD9C4DzzGObkvsHbirw==",
      "requires": {
        "tslib": "^2.3.0"
      }
    },
    "rxjs": {
      "version": "7.5.6",
      "resolved": "https://registry.npmjs.org/rxjs/-/rxjs-7.5.6.tgz",
      "integrity": "sha512-dnyv2/YsXhnm461G+R/Pe5bWP41Nm6LBXEYWI6eiFP4fiwx6WRI/CD0zbdVAudd9xwLEF2IDcKXLHit0FYjUzw==",
      "peer": true,
      "requires": {
        "tslib": "^2.1.0"
      }
    },
    "tslib": {
      "version": "2.4.0",
      "resolved": "https://registry.npmjs.org/tslib/-/tslib-2.4.0.tgz",
      "integrity": "sha512-d6xOpEDfsi2CZVlPQzGeux8XMwLT9hssAsaPYExaQMuYskwb+x1x7J371tWlbBdWHroy99KnVB6qIkUbs5X3UQ=="
    },
    "zone.js": {
      "version": "0.11.7",
      "resolved": "https://registry.npmjs.org/zone.js/-/zone.js-0.11.7.tgz",
      "integrity": "sha512-e39K2EdK5JfA3FDuUTVRvPlYV4aBfnOOcGuILhQAT7nzeV12uSrLBzImUM9CDVoncDSX4brR/gwqu0heQ3BQ0g==",
      "peer": true,
      "requires": {
        "tslib": "^2.3.0"
      }
    }
  }
}
